# This file is autogenerated, do not edit; changes may be undone by the next 'dep ensure'.


[[projects]]
  branch = "master"
  name = "github.com/looplab/fsm"
  packages = ["."]
  revision = "f980bdb68a8962823200eafe6c0aa99e917be0d7"

[solve-meta]
  analyzer-name = "dep"
  analyzer-version = 1
  inputs-digest = "014ccdb70b0b3f034ffed0e729a0e0ea492cba02365074b4cbeaec16b7ef8138"
  solver-name = "gps-cdcl"
  solver-version = 1
